
Microsoft Visual Studio Solution File, Format Version 12.00
# Visual Studio Version 17
VisualStudioVersion = 17.6.33723.286
MinimumVisualStudioVersion = 10.0.40219.1
Project("{2150E333-8FDC-42A3-9474-1A3956D46DE8}") = "Solution Items", "Solution Items", "{34682D48-A333-4489-B341-36FDC2050669}"
	ProjectSection(SolutionItems) = preProject
		..\..\..\..\..\Downloads\.editorconfig = ..\..\..\..\..\Downloads\.editorconfig
		Directory.Build.props = Directory.Build.props
		Directory.Packages.props = Directory.Packages.props
	EndProjectSection
EndProject
Project("{2150E333-8FDC-42A3-9474-1A3956D46DE8}") = "Base", "Base", "{D5C579BB-2EF0-4940-B5BB-EF4B015ED476}"
EndProject
Project("{2150E333-8FDC-42A3-9474-1A3956D46DE8}") = "Domain", "Domain", "{931A235E-E22D-478C-AF89-D308CB53BC34}"
EndProject
Project("{9A19103F-16F7-4668-BE54-9A1E7A4F7556}") = "Acme.Base.Domain", "Acme.Base.Domain\Acme.Base.Domain.csproj", "{BF9D1C92-706C-4326-A1A2-7ED3E944AB08}"
EndProject
Project("{9A19103F-16F7-4668-BE54-9A1E7A4F7556}") = "Acme.Base.Domain.CosmosDb", "Acme.Base.Domain.CosmosDb\Acme.Base.Domain.CosmosDb.csproj", "{79A6DB33-255B-43FA-8E97-33423BDF700A}"
EndProject
Project("{9A19103F-16F7-4668-BE54-9A1E7A4F7556}") = "Acme.Base.Domain.RelationalDatabase", "Acme.Base.Domain.RelationalDatabase\Acme.Base.Domain.RelationalDatabase.csproj", "{24E610FF-C94B-4369-BB96-5D4B3DFDB31C}"
EndProject
Project("{2150E333-8FDC-42A3-9474-1A3956D46DE8}") = "Infrastructure", "Infrastructure", "{07E80FD6-1606-4257-8CE8-A8FC99D0EF3C}"
EndProject
Project("{9A19103F-16F7-4668-BE54-9A1E7A4F7556}") = "Acme.Base.Repository.CosmosDb", "Acme.Base.Repository.CosmosDb\Acme.Base.Repository.CosmosDb.csproj", "{7B00E666-B143-426B-89D9-1CBD0B9E5903}"
EndProject
Project("{9A19103F-16F7-4668-BE54-9A1E7A4F7556}") = "Acme.Base.Repository.RelationalDatabase", "Acme.Base.Repository.RelationalDatabase\Acme.Base.Repository.RelationalDatabase.csproj", "{7FAA18CD-DB47-46C8-A00A-9F396F209407}"
EndProject
Project("{2150E333-8FDC-42A3-9474-1A3956D46DE8}") = "Bounded Context", "Bounded Context", "{1FA4CBE7-D882-4666-8A04-B8F22D31C8EF}"
EndProject
Project("{2150E333-8FDC-42A3-9474-1A3956D46DE8}") = "FlightDirector", "FlightDirector", "{C18D60CD-1EB1-4F40-8CBD-0E3806B64E21}"
EndProject
Project("{9A19103F-16F7-4668-BE54-9A1E7A4F7556}") = "Acme.FlightManager.FlightDirector.Domain", "Acme.FlightManager.FlightDirector.Domain\Acme.FlightManager.FlightDirector.Domain.csproj", "{C6ABD639-7F83-404E-8212-6618623B667F}"
EndProject
Project("{2150E333-8FDC-42A3-9474-1A3956D46DE8}") = "DestinationDirector", "DestinationDirector", "{4FAFF665-3EF1-4ED3-BB56-F64CDB9E0F37}"
EndProject
Project("{2150E333-8FDC-42A3-9474-1A3956D46DE8}") = "Plane", "Plane", "{58CF4AC4-1D9E-4A38-A15F-E07417F0DC18}"
EndProject
Project("{2150E333-8FDC-42A3-9474-1A3956D46DE8}") = "MilesAndMore", "MilesAndMore", "{07E75606-F0CD-42A7-96BA-1A5CD7BCC7C8}"
EndProject
Project("{9A19103F-16F7-4668-BE54-9A1E7A4F7556}") = "Acme.FlightManager.Plane.Domain", "Acme.FlightManager.Plane.Domain\Acme.FlightManager.Plane.Domain.csproj", "{156E6CB5-F5F4-441E-B3E2-ADDB46052100}"
EndProject
Project("{9A19103F-16F7-4668-BE54-9A1E7A4F7556}") = "Acme.FlightManager.MilesAndMore.Domain", "Acme.FlightManager.MilesAndMore.Domain\Acme.FlightManager.MilesAndMore.Domain.csproj", "{A874EBAC-E337-495F-B25E-BB3BE6BD56AA}"
EndProject
Project("{2150E333-8FDC-42A3-9474-1A3956D46DE8}") = "Common", "Common", "{901AAF06-1610-4038-B054-3BCCB822C11D}"
EndProject
Project("{9A19103F-16F7-4668-BE54-9A1E7A4F7556}") = "Acme.FlightManager.DestinationDirector.Domain", "Acme.FlightManager.DestinationDirector.Domain\Acme.FlightManager.DestinationDirector.Domain.csproj", "{9CDF8A8B-713C-404C-A85F-C62579B845AA}"
EndProject
Project("{9A19103F-16F7-4668-BE54-9A1E7A4F7556}") = "Acme.FlightManager.Common.Domain", "Acme.FlightManager.Common.Domain\Acme.FlightManager.Common.Domain.csproj", "{63153FA0-6C5A-4D49-9A39-A745545201DA}"
EndProject
Project("{2150E333-8FDC-42A3-9474-1A3956D46DE8}") = "Common", "Common", "{CAB3773D-28BC-46B1-B722-65B67FB1546B}"
EndProject
Project("{9A19103F-16F7-4668-BE54-9A1E7A4F7556}") = "Acme.FlightManager.Text", "Acme.FlightManager.Text\Acme.FlightManager.Text.csproj", "{F86A78BB-9901-42BD-B950-2794563C1874}"
EndProject
Project("{9A19103F-16F7-4668-BE54-9A1E7A4F7556}") = "Acme.FlightManager.FlightDirector.UseCase", "Acme.FlightManager.FlightDirector.UseCase\Acme.FlightManager.FlightDirector.UseCase.csproj", "{2EEE98E9-8928-4EE2-99DA-3F569C5B4388}"
EndProject
Project("{FAE04EC0-301F-11D3-BF4B-00C04F79EFBC}") = "Acme.FlightManager.FlightDirector.DataTransferObject", "Acme.FlightManager.FlightDirector.DataTransferObject\Acme.FlightManager.FlightDirector.DataTransferObject.csproj", "{BF55562C-D4CE-4E71-8F9D-E3E26D60AFFE}"
EndProject
Project("{FAE04EC0-301F-11D3-BF4B-00C04F79EFBC}") = "Acme.FlightManager.Common", "Acme.FlightManager.Common\Acme.FlightManager.Common.csproj", "{B3611251-BA59-4407-B514-3F7381E3B2FF}"
EndProject
Global
	GlobalSection(SolutionConfigurationPlatforms) = preSolution
		Debug|Any CPU = Debug|Any CPU
		Release|Any CPU = Release|Any CPU
	EndGlobalSection
	GlobalSection(ProjectConfigurationPlatforms) = postSolution
		{BF9D1C92-706C-4326-A1A2-7ED3E944AB08}.Debug|Any CPU.ActiveCfg = Debug|Any CPU
		{BF9D1C92-706C-4326-A1A2-7ED3E944AB08}.Debug|Any CPU.Build.0 = Debug|Any CPU
		{BF9D1C92-706C-4326-A1A2-7ED3E944AB08}.Release|Any CPU.ActiveCfg = Release|Any CPU
		{BF9D1C92-706C-4326-A1A2-7ED3E944AB08}.Release|Any CPU.Build.0 = Release|Any CPU
		{79A6DB33-255B-43FA-8E97-33423BDF700A}.Debug|Any CPU.ActiveCfg = Debug|Any CPU
		{79A6DB33-255B-43FA-8E97-33423BDF700A}.Debug|Any CPU.Build.0 = Debug|Any CPU
		{79A6DB33-255B-43FA-8E97-33423BDF700A}.Release|Any CPU.ActiveCfg = Release|Any CPU
		{79A6DB33-255B-43FA-8E97-33423BDF700A}.Release|Any CPU.Build.0 = Release|Any CPU
		{24E610FF-C94B-4369-BB96-5D4B3DFDB31C}.Debug|Any CPU.ActiveCfg = Debug|Any CPU
		{24E610FF-C94B-4369-BB96-5D4B3DFDB31C}.Debug|Any CPU.Build.0 = Debug|Any CPU
		{24E610FF-C94B-4369-BB96-5D4B3DFDB31C}.Release|Any CPU.ActiveCfg = Release|Any CPU
		{24E610FF-C94B-4369-BB96-5D4B3DFDB31C}.Release|Any CPU.Build.0 = Release|Any CPU
		{7B00E666-B143-426B-89D9-1CBD0B9E5903}.Debug|Any CPU.ActiveCfg = Debug|Any CPU
		{7B00E666-B143-426B-89D9-1CBD0B9E5903}.Debug|Any CPU.Build.0 = Debug|Any CPU
		{7B00E666-B143-426B-89D9-1CBD0B9E5903}.Release|Any CPU.ActiveCfg = Release|Any CPU
		{7B00E666-B143-426B-89D9-1CBD0B9E5903}.Release|Any CPU.Build.0 = Release|Any CPU
		{7FAA18CD-DB47-46C8-A00A-9F396F209407}.Debug|Any CPU.ActiveCfg = Debug|Any CPU
		{7FAA18CD-DB47-46C8-A00A-9F396F209407}.Debug|Any CPU.Build.0 = Debug|Any CPU
		{7FAA18CD-DB47-46C8-A00A-9F396F209407}.Release|Any CPU.ActiveCfg = Release|Any CPU
		{7FAA18CD-DB47-46C8-A00A-9F396F209407}.Release|Any CPU.Build.0 = Release|Any CPU
		{C6ABD639-7F83-404E-8212-6618623B667F}.Debug|Any CPU.ActiveCfg = Debug|Any CPU
		{C6ABD639-7F83-404E-8212-6618623B667F}.Debug|Any CPU.Build.0 = Debug|Any CPU
		{C6ABD639-7F83-404E-8212-6618623B667F}.Release|Any CPU.ActiveCfg = Release|Any CPU
		{C6ABD639-7F83-404E-8212-6618623B667F}.Release|Any CPU.Build.0 = Release|Any CPU
		{156E6CB5-F5F4-441E-B3E2-ADDB46052100}.Debug|Any CPU.ActiveCfg = Debug|Any CPU
		{156E6CB5-F5F4-441E-B3E2-ADDB46052100}.Debug|Any CPU.Build.0 = Debug|Any CPU
		{156E6CB5-F5F4-441E-B3E2-ADDB46052100}.Release|Any CPU.ActiveCfg = Release|Any CPU
		{156E6CB5-F5F4-441E-B3E2-ADDB46052100}.Release|Any CPU.Build.0 = Release|Any CPU
		{A874EBAC-E337-495F-B25E-BB3BE6BD56AA}.Debug|Any CPU.ActiveCfg = Debug|Any CPU
		{A874EBAC-E337-495F-B25E-BB3BE6BD56AA}.Debug|Any CPU.Build.0 = Debug|Any CPU
		{A874EBAC-E337-495F-B25E-BB3BE6BD56AA}.Release|Any CPU.ActiveCfg = Release|Any CPU
		{A874EBAC-E337-495F-B25E-BB3BE6BD56AA}.Release|Any CPU.Build.0 = Release|Any CPU
		{9CDF8A8B-713C-404C-A85F-C62579B845AA}.Debug|Any CPU.ActiveCfg = Debug|Any CPU
		{9CDF8A8B-713C-404C-A85F-C62579B845AA}.Debug|Any CPU.Build.0 = Debug|Any CPU
		{9CDF8A8B-713C-404C-A85F-C62579B845AA}.Release|Any CPU.ActiveCfg = Release|Any CPU
		{9CDF8A8B-713C-404C-A85F-C62579B845AA}.Release|Any CPU.Build.0 = Release|Any CPU
		{63153FA0-6C5A-4D49-9A39-A745545201DA}.Debug|Any CPU.ActiveCfg = Debug|Any CPU
		{63153FA0-6C5A-4D49-9A39-A745545201DA}.Debug|Any CPU.Build.0 = Debug|Any CPU
		{63153FA0-6C5A-4D49-9A39-A745545201DA}.Release|Any CPU.ActiveCfg = Release|Any CPU
		{63153FA0-6C5A-4D49-9A39-A745545201DA}.Release|Any CPU.Build.0 = Release|Any CPU
		{F86A78BB-9901-42BD-B950-2794563C1874}.Debug|Any CPU.ActiveCfg = Debug|Any CPU
		{F86A78BB-9901-42BD-B950-2794563C1874}.Debug|Any CPU.Build.0 = Debug|Any CPU
		{F86A78BB-9901-42BD-B950-2794563C1874}.Release|Any CPU.ActiveCfg = Release|Any CPU
		{F86A78BB-9901-42BD-B950-2794563C1874}.Release|Any CPU.Build.0 = Release|Any CPU
		{2EEE98E9-8928-4EE2-99DA-3F569C5B4388}.Debug|Any CPU.ActiveCfg = Debug|Any CPU
		{2EEE98E9-8928-4EE2-99DA-3F569C5B4388}.Debug|Any CPU.Build.0 = Debug|Any CPU
		{2EEE98E9-8928-4EE2-99DA-3F569C5B4388}.Release|Any CPU.ActiveCfg = Release|Any CPU
		{2EEE98E9-8928-4EE2-99DA-3F569C5B4388}.Release|Any CPU.Build.0 = Release|Any CPU
		{BF55562C-D4CE-4E71-8F9D-E3E26D60AFFE}.Debug|Any CPU.ActiveCfg = Debug|Any CPU
		{BF55562C-D4CE-4E71-8F9D-E3E26D60AFFE}.Debug|Any CPU.Build.0 = Debug|Any CPU
		{BF55562C-D4CE-4E71-8F9D-E3E26D60AFFE}.Release|Any CPU.ActiveCfg = Release|Any CPU
		{BF55562C-D4CE-4E71-8F9D-E3E26D60AFFE}.Release|Any CPU.Build.0 = Release|Any CPU
		{B3611251-BA59-4407-B514-3F7381E3B2FF}.Debug|Any CPU.ActiveCfg = Debug|Any CPU
		{B3611251-BA59-4407-B514-3F7381E3B2FF}.Debug|Any CPU.Build.0 = Debug|Any CPU
		{B3611251-BA59-4407-B514-3F7381E3B2FF}.Release|Any CPU.ActiveCfg = Release|Any CPU
		{B3611251-BA59-4407-B514-3F7381E3B2FF}.Release|Any CPU.Build.0 = Release|Any CPU
	EndGlobalSection
	GlobalSection(SolutionProperties) = preSolution
		HideSolutionNode = FALSE
	EndGlobalSection
	GlobalSection(NestedProjects) = preSolution
		{931A235E-E22D-478C-AF89-D308CB53BC34} = {D5C579BB-2EF0-4940-B5BB-EF4B015ED476}
		{BF9D1C92-706C-4326-A1A2-7ED3E944AB08} = {931A235E-E22D-478C-AF89-D308CB53BC34}
		{79A6DB33-255B-43FA-8E97-33423BDF700A} = {931A235E-E22D-478C-AF89-D308CB53BC34}
		{24E610FF-C94B-4369-BB96-5D4B3DFDB31C} = {931A235E-E22D-478C-AF89-D308CB53BC34}
		{07E80FD6-1606-4257-8CE8-A8FC99D0EF3C} = {D5C579BB-2EF0-4940-B5BB-EF4B015ED476}
		{7B00E666-B143-426B-89D9-1CBD0B9E5903} = {07E80FD6-1606-4257-8CE8-A8FC99D0EF3C}
		{7FAA18CD-DB47-46C8-A00A-9F396F209407} = {07E80FD6-1606-4257-8CE8-A8FC99D0EF3C}
		{C18D60CD-1EB1-4F40-8CBD-0E3806B64E21} = {1FA4CBE7-D882-4666-8A04-B8F22D31C8EF}
		{C6ABD639-7F83-404E-8212-6618623B667F} = {C18D60CD-1EB1-4F40-8CBD-0E3806B64E21}
		{4FAFF665-3EF1-4ED3-BB56-F64CDB9E0F37} = {1FA4CBE7-D882-4666-8A04-B8F22D31C8EF}
		{58CF4AC4-1D9E-4A38-A15F-E07417F0DC18} = {1FA4CBE7-D882-4666-8A04-B8F22D31C8EF}
		{07E75606-F0CD-42A7-96BA-1A5CD7BCC7C8} = {1FA4CBE7-D882-4666-8A04-B8F22D31C8EF}
		{156E6CB5-F5F4-441E-B3E2-ADDB46052100} = {58CF4AC4-1D9E-4A38-A15F-E07417F0DC18}
		{A874EBAC-E337-495F-B25E-BB3BE6BD56AA} = {07E75606-F0CD-42A7-96BA-1A5CD7BCC7C8}
		{901AAF06-1610-4038-B054-3BCCB822C11D} = {1FA4CBE7-D882-4666-8A04-B8F22D31C8EF}
		{9CDF8A8B-713C-404C-A85F-C62579B845AA} = {4FAFF665-3EF1-4ED3-BB56-F64CDB9E0F37}
		{63153FA0-6C5A-4D49-9A39-A745545201DA} = {901AAF06-1610-4038-B054-3BCCB822C11D}
		{F86A78BB-9901-42BD-B950-2794563C1874} = {CAB3773D-28BC-46B1-B722-65B67FB1546B}
		{2EEE98E9-8928-4EE2-99DA-3F569C5B4388} = {C18D60CD-1EB1-4F40-8CBD-0E3806B64E21}
		{BF55562C-D4CE-4E71-8F9D-E3E26D60AFFE} = {C18D60CD-1EB1-4F40-8CBD-0E3806B64E21}
		{B3611251-BA59-4407-B514-3F7381E3B2FF} = {CAB3773D-28BC-46B1-B722-65B67FB1546B}
	EndGlobalSection
	GlobalSection(ExtensibilityGlobals) = postSolution
		SolutionGuid = {62CD9B40-0135-4A2E-9016-568BC3AFFD7D}
	EndGlobalSection
EndGlobal
